
Microsoft Visual Studio Solution File, Format Version 12.00
# Visual Studio Version 17
VisualStudioVersion = 17.11.35327.3
MinimumVisualStudioVersion = 10.0.40219.1
Project("{FAE04EC0-301F-11D3-BF4B-00C04F79EFBC}") = "videolandia", "videolandia.csproj", "{DF8D20EB-F797-4FB1-895A-1F998B01DED1}"
EndProject
Global
	GlobalSection(SolutionConfigurationPlatforms) = preSolution
		Debug|Any CPU = Debug|Any CPU
		Release|Any CPU = Release|Any CPU
	EndGlobalSection
	GlobalSection(ProjectConfigurationPlatforms) = postSolution
		{DF8D20EB-F797-4FB1-895A-1F998B01DED1}.Debug|Any CPU.ActiveCfg = Debug|Any CPU
		{DF8D20EB-F797-4FB1-895A-1F998B01DED1}.Debug|Any CPU.Build.0 = Debug|Any CPU
		{DF8D20EB-F797-4FB1-895A-1F998B01DED1}.Release|Any CPU.ActiveCfg = Release|Any CPU
		{DF8D20EB-F797-4FB1-895A-1F998B01DED1}.Release|Any CPU.Build.0 = Release|Any CPU
	EndGlobalSection
	GlobalSection(SolutionProperties) = preSolution
		HideSolutionNode = FALSE
	EndGlobalSection
	GlobalSection(ExtensibilityGlobals) = postSolution
		SolutionGuid = {5C9E3FEC-9FB8-4A30-8D79-B56DB7C9448C}
	EndGlobalSection
EndGlobal
